
Microsoft Visual Studio Solution File, Format Version 12.00
# Visual Studio Version 16
VisualStudioVersion = 16.0.32228.343
MinimumVisualStudioVersion = 10.0.40219.1
Project("{FAE04EC0-301F-11D3-BF4B-00C04F79EFBC}") = "BanasthaliAStepAhead", "BanasthaliAStepAhead\BanasthaliAStepAhead.csproj", "{F1DC56C5-352D-49D7-B325-2D5EB45D1193}"
EndProject
Global
	GlobalSection(SolutionConfigurationPlatforms) = preSolution
		Debug|Any CPU = Debug|Any CPU
		Release|Any CPU = Release|Any CPU
	EndGlobalSection
	GlobalSection(ProjectConfigurationPlatforms) = postSolution
		{F1DC56C5-352D-49D7-B325-2D5EB45D1193}.Debug|Any CPU.ActiveCfg = Debug|Any CPU
		{F1DC56C5-352D-49D7-B325-2D5EB45D1193}.Debug|Any CPU.Build.0 = Debug|Any CPU
		{F1DC56C5-352D-49D7-B325-2D5EB45D1193}.Release|Any CPU.ActiveCfg = Release|Any CPU
		{F1DC56C5-352D-49D7-B325-2D5EB45D1193}.Release|Any CPU.Build.0 = Release|Any CPU
	EndGlobalSection
	GlobalSection(SolutionProperties) = preSolution
		HideSolutionNode = FALSE
	EndGlobalSection
	GlobalSection(ExtensibilityGlobals) = postSolution
		SolutionGuid = {673CF06F-C32A-4416-AC3B-2E905CA418EA}
	EndGlobalSection
EndGlobal
